github.com/stevenhowes/PakGo v0.0.0-20220113222155-3617b0daa3c0 h1:2B+TF/y2bKSFiIryww/IiokKVmFZYd7t8h3iqcFuKv0=
github.com/stevenhowes/PakGo v0.0.0-20220113222155-3617b0daa3c0/go.mod h1:L7pK9BbOuXj6fZtD0EtTPpqH9QBCldg4Sqh1wfSmduI=
github.com/veandco/go-sdl2 v0.4.10 h1:8QoD2bhWl7SbQDflIAUYWfl9Vq+mT8/boJFAUzAScgY=
github.com/veandco/go-sdl2 v0.4.10/go.mod h1:OROqMhHD43nT4/i9crJukyVecjPNYYuCofep6SNiAjY=
